PODS:
  - AppCenter (1.0.1):
    - AppCenter/Analytics (= 1.0.1)
    - AppCenter/Crashes (= 1.0.1)
  - AppCenter/Analytics (1.0.1):
    - AppCenter/Core
  - AppCenter/Core (1.0.1)
  - AppCenter/Crashes (1.0.1):
    - AppCenter/Core
  - AppCenter/Push (1.0.1):
    - AppCenter/Core

DEPENDENCIES:
  - AppCenter
  - AppCenter/Analytics
  - AppCenter/Crashes
  - AppCenter/Push

SPEC CHECKSUMS:
  AppCenter: 1d9e08e4ffe7a8eab6e9741a12d27e44074e73a7

PODFILE CHECKSUM: 382c60709dd97a5194cbc32803513fd56b406fd3

COCOAPODS: 1.3.1
