// !$*UTF8*$!
{
	archiveVersion = 1;
	classes = {
	};
	objectVersion = 48;
	objects = {

/* Begin PBXBuildFile section */
		3690CFC89A1B9102C8952E14 /* Pods_macoshello.framework in Frameworks */ = {isa = PBXBuildFile; fileRef = 87ABED5C2187BBF8DAF0B109 /* Pods_macoshello.framework */; };
		3B1FC4461363BDD10BC223E5 /* Pods_macoshelloUITests.framework in Frameworks */ = {isa = PBXBuildFile; fileRef = 121004886DA067DC1348F196 /* Pods_macoshelloUITests.framework */; };
		4A8CC41E1FC6CAB00094055F /* AppDelegate.swift in Sources */ = {isa = PBXBuildFile; fileRef = 4A8CC41D1FC6CAB00094055F /* AppDelegate.swift */; };
		4A8CC4201FC6CAB00094055F /* GameScene.sks in Resources */ = {isa = PBXBuildFile; fileRef = 4A8CC41F1FC6CAB00094055F /* GameScene.sks */; };
		4A8CC4221FC6CAB00094055F /* Actions.sks in Resources */ = {isa = PBXBuildFile; fileRef = 4A8CC4211FC6CAB00094055F /* Actions.sks */; };
		4A8CC4241FC6CAB00094055F /* GameScene.swift in Sources */ = {isa = PBXBuildFile; fileRef = 4A8CC4231FC6CAB00094055F /* GameScene.swift */; };
		4A8CC4261FC6CAB00094055F /* ViewController.swift in Sources */ = {isa = PBXBuildFile; fileRef = 4A8CC4251FC6CAB00094055F /* ViewController.swift */; };
		4A8CC4281FC6CAB00094055F /* Assets.xcassets in Resources */ = {isa = PBXBuildFile; fileRef = 4A8CC4271FC6CAB00094055F /* Assets.xcassets */; };
		4A8CC42B1FC6CAB00094055F /* Main.storyboard in Resources */ = {isa = PBXBuildFile; fileRef = 4A8CC4291FC6CAB00094055F /* Main.storyboard */; };
		4A8CC4371FC6CAB00094055F /* macoshelloTests.swift in Sources */ = {isa = PBXBuildFile; fileRef = 4A8CC4361FC6CAB00094055F /* macoshelloTests.swift */; };
		4A8CC4421FC6CAB00094055F /* macoshelloUITests.swift in Sources */ = {isa = PBXBuildFile; fileRef = 4A8CC4411FC6CAB00094055F /* macoshelloUITests.swift */; };
		61F1EA0183B8E1DCACA5D6AA /* Pods_macoshelloTests.framework in Frameworks */ = {isa = PBXBuildFile; fileRef = 239C49C43D9471CF5CA9F94A /* Pods_macoshelloTests.framework */; };
/* End PBXBuildFile section */

/* Begin PBXContainerItemProxy section */
		4A8CC4331FC6CAB00094055F /* PBXContainerItemProxy */ = {
			isa = PBXContainerItemProxy;
			containerPortal = 4A8CC4121FC6CAB00094055F /* Project object */;
			proxyType = 1;
			remoteGlobalIDString = 4A8CC4191FC6CAB00094055F;
			remoteInfo = macoshello;
		};
		4A8CC43E1FC6CAB00094055F /* PBXContainerItemProxy */ = {
			isa = PBXContainerItemProxy;
			containerPortal = 4A8CC4121FC6CAB00094055F /* Project object */;
			proxyType = 1;
			remoteGlobalIDString = 4A8CC4191FC6CAB00094055F;
			remoteInfo = macoshello;
		};
/* End PBXContainerItemProxy section */

/* Begin PBXFileReference section */
		121004886DA067DC1348F196 /* Pods_macoshelloUITests.framework */ = {isa = PBXFileReference; explicitFileType = wrapper.framework; includeInIndex = 0; path = Pods_macoshelloUITests.framework; sourceTree = BUILT_PRODUCTS_DIR; };
		1E35913AC5984C7C2FDB21E0 /* Pods-macoshello.debug.xcconfig */ = {isa = PBXFileReference; includeInIndex = 1; lastKnownFileType = text.xcconfig; name = "Pods-macoshello.debug.xcconfig"; path = "Pods/Target Support Files/Pods-macoshello/Pods-macoshello.debug.xcconfig"; sourceTree = "<group>"; };
		239C49C43D9471CF5CA9F94A /* Pods_macoshelloTests.framework */ = {isa = PBXFileReference; explicitFileType = wrapper.framework; includeInIndex = 0; path = Pods_macoshelloTests.framework; sourceTree = BUILT_PRODUCTS_DIR; };
		45461C646F1314EE835D8A97 /* Pods-macoshelloUITests.release.xcconfig */ = {isa = PBXFileReference; includeInIndex = 1; lastKnownFileType = text.xcconfig; name = "Pods-macoshelloUITests.release.xcconfig"; path = "Pods/Target Support Files/Pods-macoshelloUITests/Pods-macoshelloUITests.release.xcconfig"; sourceTree = "<group>"; };
		4A8CC41A1FC6CAB00094055F /* macoshello.app */ = {isa = PBXFileReference; explicitFileType = wrapper.application; includeInIndex = 0; path = macoshello.app; sourceTree = BUILT_PRODUCTS_DIR; };
		4A8CC41D1FC6CAB00094055F /* AppDelegate.swift */ = {isa = PBXFileReference; lastKnownFileType = sourcecode.swift; path = AppDelegate.swift; sourceTree = "<group>"; };
		4A8CC41F1FC6CAB00094055F /* GameScene.sks */ = {isa = PBXFileReference; lastKnownFileType = file.sks; path = GameScene.sks; sourceTree = "<group>"; };
		4A8CC4211FC6CAB00094055F /* Actions.sks */ = {isa = PBXFileReference; lastKnownFileType = file.sks; path = Actions.sks; sourceTree = "<group>"; };
		4A8CC4231FC6CAB00094055F /* GameScene.swift */ = {isa = PBXFileReference; lastKnownFileType = sourcecode.swift; path = GameScene.swift; sourceTree = "<group>"; };
		4A8CC4251FC6CAB00094055F /* ViewController.swift */ = {isa = PBXFileReference; lastKnownFileType = sourcecode.swift; path = ViewController.swift; sourceTree = "<group>"; };
		4A8CC4271FC6CAB00094055F /* Assets.xcassets */ = {isa = PBXFileReference; lastKnownFileType = folder.assetcatalog; path = Assets.xcassets; sourceTree = "<group>"; };
		4A8CC42A1FC6CAB00094055F /* Base */ = {isa = PBXFileReference; lastKnownFileType = file.storyboard; name = Base; path = Base.lproj/Main.storyboard; sourceTree = "<group>"; };
		4A8CC42C1FC6CAB00094055F /* Info.plist */ = {isa = PBXFileReference; lastKnownFileType = text.plist.xml; path = Info.plist; sourceTree = "<group>"; };
		4A8CC42D1FC6CAB00094055F /* macoshello.entitlements */ = {isa = PBXFileReference; lastKnownFileType = text.plist.entitlements; path = macoshello.entitlements; sourceTree = "<group>"; };
		4A8CC4321FC6CAB00094055F /* macoshelloTests.xctest */ = {isa = PBXFileReference; explicitFileType = wrapper.cfbundle; includeInIndex = 0; path = macoshelloTests.xctest; sourceTree = BUILT_PRODUCTS_DIR; };
		4A8CC4361FC6CAB00094055F /* macoshelloTests.swift */ = {isa = PBXFileReference; lastKnownFileType = sourcecode.swift; path = macoshelloTests.swift; sourceTree = "<group>"; };
		4A8CC4381FC6CAB00094055F /* Info.plist */ = {isa = PBXFileReference; lastKnownFileType = text.plist.xml; path = Info.plist; sourceTree = "<group>"; };
		4A8CC43D1FC6CAB00094055F /* macoshelloUITests.xctest */ = {isa = PBXFileReference; explicitFileType = wrapper.cfbundle; includeInIndex = 0; path = macoshelloUITests.xctest; sourceTree = BUILT_PRODUCTS_DIR; };
		4A8CC4411FC6CAB00094055F /* macoshelloUITests.swift */ = {isa = PBXFileReference; lastKnownFileType = sourcecode.swift; path = macoshelloUITests.swift; sourceTree = "<group>"; };
		4A8CC4431FC6CAB00094055F /* Info.plist */ = {isa = PBXFileReference; lastKnownFileType = text.plist.xml; path = Info.plist; sourceTree = "<group>"; };
		879A4C9B172B0D453D76F420 /* Pods-macoshelloUITests.debug.xcconfig */ = {isa = PBXFileReference; includeInIndex = 1; lastKnownFileType = text.xcconfig; name = "Pods-macoshelloUITests.debug.xcconfig"; path = "Pods/Target Support Files/Pods-macoshelloUITests/Pods-macoshelloUITests.debug.xcconfig"; sourceTree = "<group>"; };
		87ABED5C2187BBF8DAF0B109 /* Pods_macoshello.framework */ = {isa = PBXFileReference; explicitFileType = wrapper.framework; includeInIndex = 0; path = Pods_macoshello.framework; sourceTree = BUILT_PRODUCTS_DIR; };
		9F17FAA1BF567489432D8213 /* Pods-macoshelloTests.release.xcconfig */ = {isa = PBXFileReference; includeInIndex = 1; lastKnownFileType = text.xcconfig; name = "Pods-macoshelloTests.release.xcconfig"; path = "Pods/Target Support Files/Pods-macoshelloTests/Pods-macoshelloTests.release.xcconfig"; sourceTree = "<group>"; };
		A726C7CEB886F7CDC61050A3 /* Pods-macoshello.release.xcconfig */ = {isa = PBXFileReference; includeInIndex = 1; lastKnownFileType = text.xcconfig; name = "Pods-macoshello.release.xcconfig"; path = "Pods/Target Support Files/Pods-macoshello/Pods-macoshello.release.xcconfig"; sourceTree = "<group>"; };
		B795820610D8BC0322DAD4C3 /* Pods-macoshelloTests.debug.xcconfig */ = {isa = PBXFileReference; includeInIndex = 1; lastKnownFileType = text.xcconfig; name = "Pods-macoshelloTests.debug.xcconfig"; path = "Pods/Target Support Files/Pods-macoshelloTests/Pods-macoshelloTests.debug.xcconfig"; sourceTree = "<group>"; };
/* End PBXFileReference section */

/* Begin PBXFrameworksBuildPhase section */
		4A8CC4171FC6CAB00094055F /* Frameworks */ = {
			isa = PBXFrameworksBuildPhase;
			buildActionMask = 2147483647;
			files = (
				3690CFC89A1B9102C8952E14 /* Pods_macoshello.framework in Frameworks */,
			);
			runOnlyForDeploymentPostprocessing = 0;
		};
		4A8CC42F1FC6CAB00094055F /* Frameworks */ = {
			isa = PBXFrameworksBuildPhase;
			buildActionMask = 2147483647;
			files = (
				61F1EA0183B8E1DCACA5D6AA /* Pods_macoshelloTests.framework in Frameworks */,
			);
			runOnlyForDeploymentPostprocessing = 0;
		};
		4A8CC43A1FC6CAB00094055F /* Frameworks */ = {
			isa = PBXFrameworksBuildPhase;
			buildActionMask = 2147483647;
			files = (
				3B1FC4461363BDD10BC223E5 /* Pods_macoshelloUITests.framework in Frameworks */,
			);
			runOnlyForDeploymentPostprocessing = 0;
		};
/* End PBXFrameworksBuildPhase section */

/* Begin PBXGroup section */
		0013EC31782243D09110C5C2 /* Frameworks */ = {
			isa = PBXGroup;
			children = (
				87ABED5C2187BBF8DAF0B109 /* Pods_macoshello.framework */,
				239C49C43D9471CF5CA9F94A /* Pods_macoshelloTests.framework */,
				121004886DA067DC1348F196 /* Pods_macoshelloUITests.framework */,
			);
			name = Frameworks;
			sourceTree = "<group>";
		};
		4A8CC4111FC6CAB00094055F = {
			isa = PBXGroup;
			children = (
				4A8CC41C1FC6CAB00094055F /* macoshello */,
				4A8CC4351FC6CAB00094055F /* macoshelloTests */,
				4A8CC4401FC6CAB00094055F /* macoshelloUITests */,
				4A8CC41B1FC6CAB00094055F /* Products */,
				8908A8F4113376DBC76C02BE /* Pods */,
				0013EC31782243D09110C5C2 /* Frameworks */,
			);
			sourceTree = "<group>";
		};
		4A8CC41B1FC6CAB00094055F /* Products */ = {
			isa = PBXGroup;
			children = (
				4A8CC41A1FC6CAB00094055F /* macoshello.app */,
				4A8CC4321FC6CAB00094055F /* macoshelloTests.xctest */,
				4A8CC43D1FC6CAB00094055F /* macoshelloUITests.xctest */,
			);
			name = Products;
			sourceTree = "<group>";
		};
		4A8CC41C1FC6CAB00094055F /* macoshello */ = {
			isa = PBXGroup;
			children = (
				4A8CC41D1FC6CAB00094055F /* AppDelegate.swift */,
				4A8CC41F1FC6CAB00094055F /* GameScene.sks */,
				4A8CC4211FC6CAB00094055F /* Actions.sks */,
				4A8CC4231FC6CAB00094055F /* GameScene.swift */,
				4A8CC4251FC6CAB00094055F /* ViewController.swift */,
				4A8CC4271FC6CAB00094055F /* Assets.xcassets */,
				4A8CC4291FC6CAB00094055F /* Main.storyboard */,
				4A8CC42C1FC6CAB00094055F /* Info.plist */,
				4A8CC42D1FC6CAB00094055F /* macoshello.entitlements */,
			);
			path = macoshello;
			sourceTree = "<group>";
		};
		4A8CC4351FC6CAB00094055F /* macoshelloTests */ = {
			isa = PBXGroup;
			children = (
				4A8CC4361FC6CAB00094055F /* macoshelloTests.swift */,
				4A8CC4381FC6CAB00094055F /* Info.plist */,
			);
			path = macoshelloTests;
			sourceTree = "<group>";
		};
		4A8CC4401FC6CAB00094055F /* macoshelloUITests */ = {
			isa = PBXGroup;
			children = (
				4A8CC4411FC6CAB00094055F /* macoshelloUITests.swift */,
				4A8CC4431FC6CAB00094055F /* Info.plist */,
			);
			path = macoshelloUITests;
			sourceTree = "<group>";
		};
		8908A8F4113376DBC76C02BE /* Pods */ = {
			isa = PBXGroup;
			children = (
				1E35913AC5984C7C2FDB21E0 /* Pods-macoshello.debug.xcconfig */,
				A726C7CEB886F7CDC61050A3 /* Pods-macoshello.release.xcconfig */,
				B795820610D8BC0322DAD4C3 /* Pods-macoshelloTests.debug.xcconfig */,
				9F17FAA1BF567489432D8213 /* Pods-macoshelloTests.release.xcconfig */,
				879A4C9B172B0D453D76F420 /* Pods-macoshelloUITests.debug.xcconfig */,
				45461C646F1314EE835D8A97 /* Pods-macoshelloUITests.release.xcconfig */,
			);
			name = Pods;
			sourceTree = "<group>";
		};
/* End PBXGroup section */

/* Begin PBXNativeTarget section */
		4A8CC4191FC6CAB00094055F /* macoshello */ = {
			isa = PBXNativeTarget;
			buildConfigurationList = 4A8CC4461FC6CAB00094055F /* Build configuration list for PBXNativeTarget "macoshello" */;
			buildPhases = (
				EE00F3198759801351989562 /* [CP] Check Pods Manifest.lock */,
				4A8CC4161FC6CAB00094055F /* Sources */,
				4A8CC4171FC6CAB00094055F /* Frameworks */,
				4A8CC4181FC6CAB00094055F /* Resources */,
				C7CE82A631486B64039C0537 /* [CP] Embed Pods Frameworks */,
				47FA409C6F034A4348115D99 /* [CP] Copy Pods Resources */,
			);
			buildRules = (
			);
			dependencies = (
			);
			name = macoshello;
			productName = macoshello;
			productReference = 4A8CC41A1FC6CAB00094055F /* macoshello.app */;
			productType = "com.apple.product-type.application";
		};
		4A8CC4311FC6CAB00094055F /* macoshelloTests */ = {
			isa = PBXNativeTarget;
			buildConfigurationList = 4A8CC4491FC6CAB00094055F /* Build configuration list for PBXNativeTarget "macoshelloTests" */;
			buildPhases = (
				7FFDB157F52CF810288ADA39 /* [CP] Check Pods Manifest.lock */,
				4A8CC42E1FC6CAB00094055F /* Sources */,
				4A8CC42F1FC6CAB00094055F /* Frameworks */,
				4A8CC4301FC6CAB00094055F /* Resources */,
				DACE55AFFE4967CE88946A1E /* [CP] Embed Pods Frameworks */,
				2F3F07125CD3BF998780B90C /* [CP] Copy Pods Resources */,
			);
			buildRules = (
			);
			dependencies = (
				4A8CC4341FC6CAB00094055F /* PBXTargetDependency */,
			);
			name = macoshelloTests;
			productName = macoshelloTests;
			productReference = 4A8CC4321FC6CAB00094055F /* macoshelloTests.xctest */;
			productType = "com.apple.product-type.bundle.unit-test";
		};
		4A8CC43C1FC6CAB00094055F /* macoshelloUITests */ = {
			isa = PBXNativeTarget;
			buildConfigurationList = 4A8CC44C1FC6CAB00094055F /* Build configuration list for PBXNativeTarget "macoshelloUITests" */;
			buildPhases = (
				67615309C7675AA4D8F524D0 /* [CP] Check Pods Manifest.lock */,
				4A8CC4391FC6CAB00094055F /* Sources */,
				4A8CC43A1FC6CAB00094055F /* Frameworks */,
				4A8CC43B1FC6CAB00094055F /* Resources */,
				3FBB404CDD7D425018B79791 /* [CP] Embed Pods Frameworks */,
				73FCBCFDFF2CC11A20DF5CEA /* [CP] Copy Pods Resources */,
			);
			buildRules = (
			);
			dependencies = (
				4A8CC43F1FC6CAB00094055F /* PBXTargetDependency */,
			);
			name = macoshelloUITests;
			productName = macoshelloUITests;
			productReference = 4A8CC43D1FC6CAB00094055F /* macoshelloUITests.xctest */;
			productType = "com.apple.product-type.bundle.ui-testing";
		};
/* End PBXNativeTarget section */

/* Begin PBXProject section */
		4A8CC4121FC6CAB00094055F /* Project object */ = {
			isa = PBXProject;
			attributes = {
				LastSwiftUpdateCheck = 0910;
				LastUpgradeCheck = 0910;
				ORGANIZATIONNAME = bys;
				TargetAttributes = {
					4A8CC4191FC6CAB00094055F = {
						CreatedOnToolsVersion = 9.1;
						ProvisioningStyle = Automatic;
						SystemCapabilities = {
							com.apple.Push = {
								enabled = 1;
							};
						};
					};
					4A8CC4311FC6CAB00094055F = {
						CreatedOnToolsVersion = 9.1;
						ProvisioningStyle = Automatic;
						TestTargetID = 4A8CC4191FC6CAB00094055F;
					};
					4A8CC43C1FC6CAB00094055F = {
						CreatedOnToolsVersion = 9.1;
						ProvisioningStyle = Automatic;
						TestTargetID = 4A8CC4191FC6CAB00094055F;
					};
				};
			};
			buildConfigurationList = 4A8CC4151FC6CAB00094055F /* Build configuration list for PBXProject "macoshello" */;
			compatibilityVersion = "Xcode 8.0";
			developmentRegion = en;
			hasScannedForEncodings = 0;
			knownRegions = (
				en,
				Base,
			);
			mainGroup = 4A8CC4111FC6CAB00094055F;
			productRefGroup = 4A8CC41B1FC6CAB00094055F /* Products */;
			projectDirPath = "";
			projectRoot = "";
			targets = (
				4A8CC4191FC6CAB00094055F /* macoshello */,
				4A8CC4311FC6CAB00094055F /* macoshelloTests */,
				4A8CC43C1FC6CAB00094055F /* macoshelloUITests */,
			);
		};
/* End PBXProject section */

/* Begin PBXResourcesBuildPhase section */
		4A8CC4181FC6CAB00094055F /* Resources */ = {
			isa = PBXResourcesBuildPhase;
			buildActionMask = 2147483647;
			files = (
				4A8CC4201FC6CAB00094055F /* GameScene.sks in Resources */,
				4A8CC4281FC6CAB00094055F /* Assets.xcassets in Resources */,
				4A8CC4221FC6CAB00094055F /* Actions.sks in Resources */,
				4A8CC42B1FC6CAB00094055F /* Main.storyboard in Resources */,
			);
			runOnlyForDeploymentPostprocessing = 0;
		};
		4A8CC4301FC6CAB00094055F /* Resources */ = {
			isa = PBXResourcesBuildPhase;
			buildActionMask = 2147483647;
			files = (
			);
			runOnlyForDeploymentPostprocessing = 0;
		};
		4A8CC43B1FC6CAB00094055F /* Resources */ = {
			isa = PBXResourcesBuildPhase;
			buildActionMask = 2147483647;
			files = (
			);
			runOnlyForDeploymentPostprocessing = 0;
		};
/* End PBXResourcesBuildPhase section */

/* Begin PBXShellScriptBuildPhase section */
		2F3F07125CD3BF998780B90C /* [CP] Copy Pods Resources */ = {
			isa = PBXShellScriptBuildPhase;
			buildActionMask = 2147483647;
			files = (
			);
			inputPaths = (
			);
			name = "[CP] Copy Pods Resources";
			outputPaths = (
			);
			runOnlyForDeploymentPostprocessing = 0;
			shellPath = /bin/sh;
			shellScript = "\"${SRCROOT}/Pods/Target Support Files/Pods-macoshelloTests/Pods-macoshelloTests-resources.sh\"\n";
			showEnvVarsInLog = 0;
		};
		3FBB404CDD7D425018B79791 /* [CP] Embed Pods Frameworks */ = {
			isa = PBXShellScriptBuildPhase;
			buildActionMask = 2147483647;
			files = (
			);
			inputPaths = (
			);
			name = "[CP] Embed Pods Frameworks";
			outputPaths = (
			);
			runOnlyForDeploymentPostprocessing = 0;
			shellPath = /bin/sh;
			shellScript = "\"${SRCROOT}/Pods/Target Support Files/Pods-macoshelloUITests/Pods-macoshelloUITests-frameworks.sh\"\n";
			showEnvVarsInLog = 0;
		};
		47FA409C6F034A4348115D99 /* [CP] Copy Pods Resources */ = {
			isa = PBXShellScriptBuildPhase;
			buildActionMask = 2147483647;
			files = (
			);
			inputPaths = (
			);
			name = "[CP] Copy Pods Resources";
			outputPaths = (
			);
			runOnlyForDeploymentPostprocessing = 0;
			shellPath = /bin/sh;
			shellScript = "\"${SRCROOT}/Pods/Target Support Files/Pods-macoshello/Pods-macoshello-resources.sh\"\n";
			showEnvVarsInLog = 0;
		};
		67615309C7675AA4D8F524D0 /* [CP] Check Pods Manifest.lock */ = {
			isa = PBXShellScriptBuildPhase;
			buildActionMask = 2147483647;
			files = (
			);
			inputPaths = (
				"${PODS_PODFILE_DIR_PATH}/Podfile.lock",
				"${PODS_ROOT}/Manifest.lock",
			);
			name = "[CP] Check Pods Manifest.lock";
			outputPaths = (
				"$(DERIVED_FILE_DIR)/Pods-macoshelloUITests-checkManifestLockResult.txt",
			);
			runOnlyForDeploymentPostprocessing = 0;
			shellPath = /bin/sh;
			shellScript = "diff \"${PODS_PODFILE_DIR_PATH}/Podfile.lock\" \"${PODS_ROOT}/Manifest.lock\" > /dev/null\nif [ $? != 0 ] ; then\n    # print error to STDERR\n    echo \"error: The sandbox is not in sync with the Podfile.lock. Run 'pod install' or update your CocoaPods installation.\" >&2\n    exit 1\nfi\n# This output is used by Xcode 'outputs' to avoid re-running this script phase.\necho \"SUCCESS\" > \"${SCRIPT_OUTPUT_FILE_0}\"\n";
			showEnvVarsInLog = 0;
		};
		73FCBCFDFF2CC11A20DF5CEA /* [CP] Copy Pods Resources */ = {
			isa = PBXShellScriptBuildPhase;
			buildActionMask = 2147483647;
			files = (
			);
			inputPaths = (
			);
			name = "[CP] Copy Pods Resources";
			outputPaths = (
			);
			runOnlyForDeploymentPostprocessing = 0;
			shellPath = /bin/sh;
			shellScript = "\"${SRCROOT}/Pods/Target Support Files/Pods-macoshelloUITests/Pods-macoshelloUITests-resources.sh\"\n";
			showEnvVarsInLog = 0;
		};
		7FFDB157F52CF810288ADA39 /* [CP] Check Pods Manifest.lock */ = {
			isa = PBXShellScriptBuildPhase;
			buildActionMask = 2147483647;
			files = (
			);
			inputPaths = (
				"${PODS_PODFILE_DIR_PATH}/Podfile.lock",
				"${PODS_ROOT}/Manifest.lock",
			);
			name = "[CP] Check Pods Manifest.lock";
			outputPaths = (
				"$(DERIVED_FILE_DIR)/Pods-macoshelloTests-checkManifestLockResult.txt",
			);
			runOnlyForDeploymentPostprocessing = 0;
			shellPath = /bin/sh;
			shellScript = "diff \"${PODS_PODFILE_DIR_PATH}/Podfile.lock\" \"${PODS_ROOT}/Manifest.lock\" > /dev/null\nif [ $? != 0 ] ; then\n    # print error to STDERR\n    echo \"error: The sandbox is not in sync with the Podfile.lock. Run 'pod install' or update your CocoaPods installation.\" >&2\n    exit 1\nfi\n# This output is used by Xcode 'outputs' to avoid re-running this script phase.\necho \"SUCCESS\" > \"${SCRIPT_OUTPUT_FILE_0}\"\n";
			showEnvVarsInLog = 0;
		};
		C7CE82A631486B64039C0537 /* [CP] Embed Pods Frameworks */ = {
			isa = PBXShellScriptBuildPhase;
			buildActionMask = 2147483647;
			files = (
			);
			inputPaths = (
			);
			name = "[CP] Embed Pods Frameworks";
			outputPaths = (
			);
			runOnlyForDeploymentPostprocessing = 0;
			shellPath = /bin/sh;
			shellScript = "\"${SRCROOT}/Pods/Target Support Files/Pods-macoshello/Pods-macoshello-frameworks.sh\"\n";
			showEnvVarsInLog = 0;
		};
		DACE55AFFE4967CE88946A1E /* [CP] Embed Pods Frameworks */ = {
			isa = PBXShellScriptBuildPhase;
			buildActionMask = 2147483647;
			files = (
			);
			inputPaths = (
			);
			name = "[CP] Embed Pods Frameworks";
			outputPaths = (
			);
			runOnlyForDeploymentPostprocessing = 0;
			shellPath = /bin/sh;
			shellScript = "\"${SRCROOT}/Pods/Target Support Files/Pods-macoshelloTests/Pods-macoshelloTests-frameworks.sh\"\n";
			showEnvVarsInLog = 0;
		};
		EE00F3198759801351989562 /* [CP] Check Pods Manifest.lock */ = {
			isa = PBXShellScriptBuildPhase;
			buildActionMask = 2147483647;
			files = (
			);
			inputPaths = (
				"${PODS_PODFILE_DIR_PATH}/Podfile.lock",
				"${PODS_ROOT}/Manifest.lock",
			);
			name = "[CP] Check Pods Manifest.lock";
			outputPaths = (
				"$(DERIVED_FILE_DIR)/Pods-macoshello-checkManifestLockResult.txt",
			);
			runOnlyForDeploymentPostprocessing = 0;
			shellPath = /bin/sh;
			shellScript = "diff \"${PODS_PODFILE_DIR_PATH}/Podfile.lock\" \"${PODS_ROOT}/Manifest.lock\" > /dev/null\nif [ $? != 0 ] ; then\n    # print error to STDERR\n    echo \"error: The sandbox is not in sync with the Podfile.lock. Run 'pod install' or update your CocoaPods installation.\" >&2\n    exit 1\nfi\n# This output is used by Xcode 'outputs' to avoid re-running this script phase.\necho \"SUCCESS\" > \"${SCRIPT_OUTPUT_FILE_0}\"\n";
			showEnvVarsInLog = 0;
		};
/* End PBXShellScriptBuildPhase section */

/* Begin PBXSourcesBuildPhase section */
		4A8CC4161FC6CAB00094055F /* Sources */ = {
			isa = PBXSourcesBuildPhase;
			buildActionMask = 2147483647;
			files = (
				4A8CC4261FC6CAB00094055F /* ViewController.swift in Sources */,
				4A8CC4241FC6CAB00094055F /* GameScene.swift in Sources */,
				4A8CC41E1FC6CAB00094055F /* AppDelegate.swift in Sources */,
			);
			runOnlyForDeploymentPostprocessing = 0;
		};
		4A8CC42E1FC6CAB00094055F /* Sources */ = {
			isa = PBXSourcesBuildPhase;
			buildActionMask = 2147483647;
			files = (
				4A8CC4371FC6CAB00094055F /* macoshelloTests.swift in Sources */,
			);
			runOnlyForDeploymentPostprocessing = 0;
		};
		4A8CC4391FC6CAB00094055F /* Sources */ = {
			isa = PBXSourcesBuildPhase;
			buildActionMask = 2147483647;
			files = (
				4A8CC4421FC6CAB00094055F /* macoshelloUITests.swift in Sources */,
			);
			runOnlyForDeploymentPostprocessing = 0;
		};
/* End PBXSourcesBuildPhase section */

/* Begin PBXTargetDependency section */
		4A8CC4341FC6CAB00094055F /* PBXTargetDependency */ = {
			isa = PBXTargetDependency;
			target = 4A8CC4191FC6CAB00094055F /* macoshello */;
			targetProxy = 4A8CC4331FC6CAB00094055F /* PBXContainerItemProxy */;
		};
		4A8CC43F1FC6CAB00094055F /* PBXTargetDependency */ = {
			isa = PBXTargetDependency;
			target = 4A8CC4191FC6CAB00094055F /* macoshello */;
			targetProxy = 4A8CC43E1FC6CAB00094055F /* PBXContainerItemProxy */;
		};
/* End PBXTargetDependency section */

/* Begin PBXVariantGroup section */
		4A8CC4291FC6CAB00094055F /* Main.storyboard */ = {
			isa = PBXVariantGroup;
			children = (
				4A8CC42A1FC6CAB00094055F /* Base */,
			);
			name = Main.storyboard;
			sourceTree = "<group>";
		};
/* End PBXVariantGroup section */

/* Begin XCBuildConfiguration section */
		4A8CC4441FC6CAB00094055F /* Debug */ = {
			isa = XCBuildConfiguration;
			buildSettings = {
				ALWAYS_SEARCH_USER_PATHS = NO;
				CLANG_ANALYZER_NONNULL = YES;
				CLANG_ANALYZER_NUMBER_OBJECT_CONVERSION = YES_AGGRESSIVE;
				CLANG_CXX_LANGUAGE_STANDARD = "gnu++14";
				CLANG_CXX_LIBRARY = "libc++";
				CLANG_ENABLE_MODULES = YES;
				CLANG_ENABLE_OBJC_ARC = YES;
				CLANG_WARN_BLOCK_CAPTURE_AUTORELEASING = YES;
				CLANG_WARN_BOOL_CONVERSION = YES;
				CLANG_WARN_COMMA = YES;
				CLANG_WARN_CONSTANT_CONVERSION = YES;
				CLANG_WARN_DIRECT_OBJC_ISA_USAGE = YES_ERROR;
				CLANG_WARN_DOCUMENTATION_COMMENTS = YES;
				CLANG_WARN_EMPTY_BODY = YES;
				CLANG_WARN_ENUM_CONVERSION = YES;
				CLANG_WARN_INFINITE_RECURSION = YES;
				CLANG_WARN_INT_CONVERSION = YES;
				CLANG_WARN_NON_LITERAL_NULL_CONVERSION = YES;
				CLANG_WARN_OBJC_LITERAL_CONVERSION = YES;
				CLANG_WARN_OBJC_ROOT_CLASS = YES_ERROR;
				CLANG_WARN_RANGE_LOOP_ANALYSIS = YES;
				CLANG_WARN_STRICT_PROTOTYPES = YES;
				CLANG_WARN_SUSPICIOUS_MOVE = YES;
				CLANG_WARN_UNGUARDED_AVAILABILITY = YES_AGGRESSIVE;
				CLANG_WARN_UNREACHABLE_CODE = YES;
				CLANG_WARN__DUPLICATE_METHOD_MATCH = YES;
				CODE_SIGN_IDENTITY = "Mac Developer";
				COPY_PHASE_STRIP = NO;
				DEBUG_INFORMATION_FORMAT = dwarf;
				ENABLE_STRICT_OBJC_MSGSEND = YES;
				ENABLE_TESTABILITY = YES;
				GCC_C_LANGUAGE_STANDARD = gnu11;
				GCC_DYNAMIC_NO_PIC = NO;
				GCC_NO_COMMON_BLOCKS = YES;
				GCC_OPTIMIZATION_LEVEL = 0;
				GCC_PREPROCESSOR_DEFINITIONS = (
					"DEBUG=1",
					"$(inherited)",
				);
				GCC_WARN_64_TO_32_BIT_CONVERSION = YES;
				GCC_WARN_ABOUT_RETURN_TYPE = YES_ERROR;
				GCC_WARN_UNDECLARED_SELECTOR = YES;
				GCC_WARN_UNINITIALIZED_AUTOS = YES_AGGRESSIVE;
				GCC_WARN_UNUSED_FUNCTION = YES;
				GCC_WARN_UNUSED_VARIABLE = YES;
				MACOSX_DEPLOYMENT_TARGET = 10.12;
				MTL_ENABLE_DEBUG_INFO = YES;
				ONLY_ACTIVE_ARCH = YES;
				SDKROOT = macosx;
				SWIFT_ACTIVE_COMPILATION_CONDITIONS = DEBUG;
				SWIFT_OPTIMIZATION_LEVEL = "-Onone";
			};
			name = Debug;
		};
		4A8CC4451FC6CAB00094055F /* Release */ = {
			isa = XCBuildConfiguration;
			buildSettings = {
				ALWAYS_SEARCH_USER_PATHS = NO;
				CLANG_ANALYZER_NONNULL = YES;
				CLANG_ANALYZER_NUMBER_OBJECT_CONVERSION = YES_AGGRESSIVE;
				CLANG_CXX_LANGUAGE_STANDARD = "gnu++14";
				CLANG_CXX_LIBRARY = "libc++";
				CLANG_ENABLE_MODULES = YES;
				CLANG_ENABLE_OBJC_ARC = YES;
				CLANG_WARN_BLOCK_CAPTURE_AUTORELEASING = YES;
				CLANG_WARN_BOOL_CONVERSION = YES;
				CLANG_WARN_COMMA = YES;
				CLANG_WARN_CONSTANT_CONVERSION = YES;
				CLANG_WARN_DIRECT_OBJC_ISA_USAGE = YES_ERROR;
				CLANG_WARN_DOCUMENTATION_COMMENTS = YES;
				CLANG_WARN_EMPTY_BODY = YES;
				CLANG_WARN_ENUM_CONVERSION = YES;
				CLANG_WARN_INFINITE_RECURSION = YES;
				CLANG_WARN_INT_CONVERSION = YES;
				CLANG_WARN_NON_LITERAL_NULL_CONVERSION = YES;
				CLANG_WARN_OBJC_LITERAL_CONVERSION = YES;
				CLANG_WARN_OBJC_ROOT_CLASS = YES_ERROR;
				CLANG_WARN_RANGE_LOOP_ANALYSIS = YES;
				CLANG_WARN_STRICT_PROTOTYPES = YES;
				CLANG_WARN_SUSPICIOUS_MOVE = YES;
				CLANG_WARN_UNGUARDED_AVAILABILITY = YES_AGGRESSIVE;
				CLANG_WARN_UNREACHABLE_CODE = YES;
				CLANG_WARN__DUPLICATE_METHOD_MATCH = YES;
				CODE_SIGN_IDENTITY = "Mac Developer";
				COPY_PHASE_STRIP = NO;
				DEBUG_INFORMATION_FORMAT = "dwarf-with-dsym";
				ENABLE_NS_ASSERTIONS = NO;
				ENABLE_STRICT_OBJC_MSGSEND = YES;
				GCC_C_LANGUAGE_STANDARD = gnu11;
				GCC_NO_COMMON_BLOCKS = YES;
				GCC_WARN_64_TO_32_BIT_CONVERSION = YES;
				GCC_WARN_ABOUT_RETURN_TYPE = YES_ERROR;
				GCC_WARN_UNDECLARED_SELECTOR = YES;
				GCC_WARN_UNINITIALIZED_AUTOS = YES_AGGRESSIVE;
				GCC_WARN_UNUSED_FUNCTION = YES;
				GCC_WARN_UNUSED_VARIABLE = YES;
				MACOSX_DEPLOYMENT_TARGET = 10.12;
				MTL_ENABLE_DEBUG_INFO = NO;
				SDKROOT = macosx;
				SWIFT_OPTIMIZATION_LEVEL = "-Owholemodule";
			};
			name = Release;
		};
		4A8CC4471FC6CAB00094055F /* Debug */ = {
			isa = XCBuildConfiguration;
			baseConfigurationReference = 1E35913AC5984C7C2FDB21E0 /* Pods-macoshello.debug.xcconfig */;
			buildSettings = {
				ASSETCATALOG_COMPILER_APPICON_NAME = AppIcon;
				CODE_SIGN_ENTITLEMENTS = macoshello/macoshello.entitlements;
				CODE_SIGN_IDENTITY = "Mac Developer";
				CODE_SIGN_STYLE = Automatic;
				COMBINE_HIDPI_IMAGES = YES;
				DEVELOPMENT_TEAM = 3D27XEAVGH;
				INFOPLIST_FILE = macoshello/Info.plist;
				LD_RUNPATH_SEARCH_PATHS = "$(inherited) @executable_path/../Frameworks";
				PRODUCT_BUNDLE_IDENTIFIER = qw.macoshello;
				PRODUCT_NAME = "$(TARGET_NAME)";
				PROVISIONING_PROFILE_SPECIFIER = "";
				SWIFT_VERSION = 4.0;
			};
			name = Debug;
		};
		4A8CC4481FC6CAB00094055F /* Release */ = {
			isa = XCBuildConfiguration;
			baseConfigurationReference = A726C7CEB886F7CDC61050A3 /* Pods-macoshello.release.xcconfig */;
			buildSettings = {
				ASSETCATALOG_COMPILER_APPICON_NAME = AppIcon;
				CODE_SIGN_ENTITLEMENTS = macoshello/macoshello.entitlements;
				CODE_SIGN_IDENTITY = "Mac Developer";
				CODE_SIGN_STYLE = Automatic;
				COMBINE_HIDPI_IMAGES = YES;
				DEVELOPMENT_TEAM = 3D27XEAVGH;
				INFOPLIST_FILE = macoshello/Info.plist;
				LD_RUNPATH_SEARCH_PATHS = "$(inherited) @executable_path/../Frameworks";
				PRODUCT_BUNDLE_IDENTIFIER = qw.macoshello;
				PRODUCT_NAME = "$(TARGET_NAME)";
				PROVISIONING_PROFILE_SPECIFIER = "";
				SWIFT_VERSION = 4.0;
			};
			name = Release;
		};
		4A8CC44A1FC6CAB00094055F /* Debug */ = {
			isa = XCBuildConfiguration;
			baseConfigurationReference = B795820610D8BC0322DAD4C3 /* Pods-macoshelloTests.debug.xcconfig */;
			buildSettings = {
				ALWAYS_EMBED_SWIFT_STANDARD_LIBRARIES = YES;
				BUNDLE_LOADER = "$(TEST_HOST)";
				CODE_SIGN_STYLE = Automatic;
				COMBINE_HIDPI_IMAGES = YES;
				DEVELOPMENT_TEAM = 3D27XEAVGH;
				INFOPLIST_FILE = macoshelloTests/Info.plist;
				LD_RUNPATH_SEARCH_PATHS = "$(inherited) @executable_path/../Frameworks @loader_path/../Frameworks";
				PRODUCT_BUNDLE_IDENTIFIER = qw.macoshelloTests;
				PRODUCT_NAME = "$(TARGET_NAME)";
				SWIFT_VERSION = 4.0;
				TEST_HOST = "$(BUILT_PRODUCTS_DIR)/macoshello.app/Contents/MacOS/macoshello";
			};
			name = Debug;
		};
		4A8CC44B1FC6CAB00094055F /* Release */ = {
			isa = XCBuildConfiguration;
			baseConfigurationReference = 9F17FAA1BF567489432D8213 /* Pods-macoshelloTests.release.xcconfig */;
			buildSettings = {
				ALWAYS_EMBED_SWIFT_STANDARD_LIBRARIES = YES;
				BUNDLE_LOADER = "$(TEST_HOST)";
				CODE_SIGN_STYLE = Automatic;
				COMBINE_HIDPI_IMAGES = YES;
				DEVELOPMENT_TEAM = 3D27XEAVGH;
				INFOPLIST_FILE = macoshelloTests/Info.plist;
				LD_RUNPATH_SEARCH_PATHS = "$(inherited) @executable_path/../Frameworks @loader_path/../Frameworks";
				PRODUCT_BUNDLE_IDENTIFIER = qw.macoshelloTests;
				PRODUCT_NAME = "$(TARGET_NAME)";
				SWIFT_VERSION = 4.0;
				TEST_HOST = "$(BUILT_PRODUCTS_DIR)/macoshello.app/Contents/MacOS/macoshello";
			};
			name = Release;
		};
		4A8CC44D1FC6CAB00094055F /* Debug */ = {
			isa = XCBuildConfiguration;
			baseConfigurationReference = 879A4C9B172B0D453D76F420 /* Pods-macoshelloUITests.debug.xcconfig */;
			buildSettings = {
				ALWAYS_EMBED_SWIFT_STANDARD_LIBRARIES = YES;
				CODE_SIGN_STYLE = Automatic;
				COMBINE_HIDPI_IMAGES = YES;
				DEVELOPMENT_TEAM = 3D27XEAVGH;
				INFOPLIST_FILE = macoshelloUITests/Info.plist;
				LD_RUNPATH_SEARCH_PATHS = "$(inherited) @executable_path/../Frameworks @loader_path/../Frameworks";
				PRODUCT_BUNDLE_IDENTIFIER = qw.macoshelloUITests;
				PRODUCT_NAME = "$(TARGET_NAME)";
				SWIFT_VERSION = 4.0;
				TEST_TARGET_NAME = macoshello;
			};
			name = Debug;
		};
		4A8CC44E1FC6CAB00094055F /* Release */ = {
			isa = XCBuildConfiguration;
			baseConfigurationReference = 45461C646F1314EE835D8A97 /* Pods-macoshelloUITests.release.xcconfig */;
			buildSettings = {
				ALWAYS_EMBED_SWIFT_STANDARD_LIBRARIES = YES;
				CODE_SIGN_STYLE = Automatic;
				COMBINE_HIDPI_IMAGES = YES;
				DEVELOPMENT_TEAM = 3D27XEAVGH;
				INFOPLIST_FILE = macoshelloUITests/Info.plist;
				LD_RUNPATH_SEARCH_PATHS = "$(inherited) @executable_path/../Frameworks @loader_path/../Frameworks";
				PRODUCT_BUNDLE_IDENTIFIER = qw.macoshelloUITests;
				PRODUCT_NAME = "$(TARGET_NAME)";
				SWIFT_VERSION = 4.0;
				TEST_TARGET_NAME = macoshello;
			};
			name = Release;
		};
/* End XCBuildConfiguration section */

/* Begin XCConfigurationList section */
		4A8CC4151FC6CAB00094055F /* Build configuration list for PBXProject "macoshello" */ = {
			isa = XCConfigurationList;
			buildConfigurations = (
				4A8CC4441FC6CAB00094055F /* Debug */,
				4A8CC4451FC6CAB00094055F /* Release */,
			);
			defaultConfigurationIsVisible = 0;
			defaultConfigurationName = Release;
		};
		4A8CC4461FC6CAB00094055F /* Build configuration list for PBXNativeTarget "macoshello" */ = {
			isa = XCConfigurationList;
			buildConfigurations = (
				4A8CC4471FC6CAB00094055F /* Debug */,
				4A8CC4481FC6CAB00094055F /* Release */,
			);
			defaultConfigurationIsVisible = 0;
			defaultConfigurationName = Release;
		};
		4A8CC4491FC6CAB00094055F /* Build configuration list for PBXNativeTarget "macoshelloTests" */ = {
			isa = XCConfigurationList;
			buildConfigurations = (
				4A8CC44A1FC6CAB00094055F /* Debug */,
				4A8CC44B1FC6CAB00094055F /* Release */,
			);
			defaultConfigurationIsVisible = 0;
			defaultConfigurationName = Release;
		};
		4A8CC44C1FC6CAB00094055F /* Build configuration list for PBXNativeTarget "macoshelloUITests" */ = {
			isa = XCConfigurationList;
			buildConfigurations = (
				4A8CC44D1FC6CAB00094055F /* Debug */,
				4A8CC44E1FC6CAB00094055F /* Release */,
			);
			defaultConfigurationIsVisible = 0;
			defaultConfigurationName = Release;
		};
/* End XCConfigurationList section */
	};
	rootObject = 4A8CC4121FC6CAB00094055F /* Project object */;
}
